
Microsoft Visual Studio Solution File, Format Version 12.00
# Visual Studio 15
VisualStudioVersion = 15.0.28010.2016
MinimumVisualStudioVersion = 10.0.40219.1
Project("{151D2E53-A2C4-4D7D-83FE-D05416EBD58E}") = "AzureResourceGroup1", "AzureResourceGroup1\AzureResourceGroup1.deployproj", "{DC9308B1-AFD4-45F2-97C2-BF0DBDF86322}"
EndProject
Global
	GlobalSection(SolutionConfigurationPlatforms) = preSolution
		Debug|Any CPU = Debug|Any CPU
		Release|Any CPU = Release|Any CPU
	EndGlobalSection
	GlobalSection(ProjectConfigurationPlatforms) = postSolution
		{DC9308B1-AFD4-45F2-97C2-BF0DBDF86322}.Debug|Any CPU.ActiveCfg = Debug|Any CPU
		{DC9308B1-AFD4-45F2-97C2-BF0DBDF86322}.Debug|Any CPU.Build.0 = Debug|Any CPU
		{DC9308B1-AFD4-45F2-97C2-BF0DBDF86322}.Release|Any CPU.ActiveCfg = Release|Any CPU
		{DC9308B1-AFD4-45F2-97C2-BF0DBDF86322}.Release|Any CPU.Build.0 = Release|Any CPU
	EndGlobalSection
	GlobalSection(SolutionProperties) = preSolution
		HideSolutionNode = FALSE
	EndGlobalSection
	GlobalSection(ExtensibilityGlobals) = postSolution
		SolutionGuid = {08F3CBA4-F839-46B8-868E-A16EFBF1CF61}
	EndGlobalSection
EndGlobal
